// !$*UTF8*$!
{
	archiveVersion = 1;
	classes = {
	};
	objectVersion = 56;
	objects = {

/* Begin PBXBuildFile section */
		740E55FC2976A259003F1CED /* AppDelegate.swift in Sources */ = {isa = PBXBuildFile; fileRef = 740E55FB2976A259003F1CED /* AppDelegate.swift */; };
		740E55FE2976A259003F1CED /* SceneDelegate.swift in Sources */ = {isa = PBXBuildFile; fileRef = 740E55FD2976A259003F1CED /* SceneDelegate.swift */; };
		740E56002976A259003F1CED /* ViewController.swift in Sources */ = {isa = PBXBuildFile; fileRef = 740E55FF2976A259003F1CED /* ViewController.swift */; };
		740E56032976A259003F1CED /* Main.storyboard in Resources */ = {isa = PBXBuildFile; fileRef = 740E56012976A259003F1CED /* Main.storyboard */; };
		740E56052976A25A003F1CED /* Assets.xcassets in Resources */ = {isa = PBXBuildFile; fileRef = 740E56042976A25A003F1CED /* Assets.xcassets */; };
		740E56082976A25A003F1CED /* LaunchScreen.storyboard in Resources */ = {isa = PBXBuildFile; fileRef = 740E56062976A25A003F1CED /* LaunchScreen.storyboard */; };
		740E56132976A25A003F1CED /* ReverseWordsTests.swift in Sources */ = {isa = PBXBuildFile; fileRef = 740E56122976A25A003F1CED /* ReverseWordsTests.swift */; };
		740E561D2976A25A003F1CED /* ReverseWordsUITests.swift in Sources */ = {isa = PBXBuildFile; fileRef = 740E561C2976A25A003F1CED /* ReverseWordsUITests.swift */; };
		74FED65729792A5E001144E6 /* ReverseManager.swift in Sources */ = {isa = PBXBuildFile; fileRef = 74FED65629792A5E001144E6 /* ReverseManager.swift */; };
/* End PBXBuildFile section */

/* Begin PBXContainerItemProxy section */
		740E560F2976A25A003F1CED /* PBXContainerItemProxy */ = {
			isa = PBXContainerItemProxy;
			containerPortal = 740E55F02976A259003F1CED /* Project object */;
			proxyType = 1;
			remoteGlobalIDString = 740E55F72976A259003F1CED;
			remoteInfo = ReverseWords;
		};
		740E56192976A25A003F1CED /* PBXContainerItemProxy */ = {
			isa = PBXContainerItemProxy;
			containerPortal = 740E55F02976A259003F1CED /* Project object */;
			proxyType = 1;
			remoteGlobalIDString = 740E55F72976A259003F1CED;
			remoteInfo = ReverseWords;
		};
/* End PBXContainerItemProxy section */

/* Begin PBXFileReference section */
		740E55F82976A259003F1CED /* ReverseWords.app */ = {isa = PBXFileReference; explicitFileType = wrapper.application; includeInIndex = 0; path = ReverseWords.app; sourceTree = BUILT_PRODUCTS_DIR; };
		740E55FB2976A259003F1CED /* AppDelegate.swift */ = {isa = PBXFileReference; lastKnownFileType = sourcecode.swift; path = AppDelegate.swift; sourceTree = "<group>"; };
		740E55FD2976A259003F1CED /* SceneDelegate.swift */ = {isa = PBXFileReference; lastKnownFileType = sourcecode.swift; path = SceneDelegate.swift; sourceTree = "<group>"; };
		740E55FF2976A259003F1CED /* ViewController.swift */ = {isa = PBXFileReference; lastKnownFileType = sourcecode.swift; path = ViewController.swift; sourceTree = "<group>"; };
		740E56022976A259003F1CED /* Base */ = {isa = PBXFileReference; lastKnownFileType = file.storyboard; name = Base; path = Base.lproj/Main.storyboard; sourceTree = "<group>"; };
		740E56042976A25A003F1CED /* Assets.xcassets */ = {isa = PBXFileReference; lastKnownFileType = folder.assetcatalog; path = Assets.xcassets; sourceTree = "<group>"; };
		740E56072976A25A003F1CED /* Base */ = {isa = PBXFileReference; lastKnownFileType = file.storyboard; name = Base; path = Base.lproj/LaunchScreen.storyboard; sourceTree = "<group>"; };
		740E56092976A25A003F1CED /* Info.plist */ = {isa = PBXFileReference; lastKnownFileType = text.plist.xml; path = Info.plist; sourceTree = "<group>"; };
		740E560E2976A25A003F1CED /* ReverseWordsTests.xctest */ = {isa = PBXFileReference; explicitFileType = wrapper.cfbundle; includeInIndex = 0; path = ReverseWordsTests.xctest; sourceTree = BUILT_PRODUCTS_DIR; };
		740E56122976A25A003F1CED /* ReverseWordsTests.swift */ = {isa = PBXFileReference; lastKnownFileType = sourcecode.swift; path = ReverseWordsTests.swift; sourceTree = "<group>"; };
		740E56182976A25A003F1CED /* ReverseWordsUITests.xctest */ = {isa = PBXFileReference; explicitFileType = wrapper.cfbundle; includeInIndex = 0; path = ReverseWordsUITests.xctest; sourceTree = BUILT_PRODUCTS_DIR; };
		740E561C2976A25A003F1CED /* ReverseWordsUITests.swift */ = {isa = PBXFileReference; lastKnownFileType = sourcecode.swift; path = ReverseWordsUITests.swift; sourceTree = "<group>"; };
		74FED65629792A5E001144E6 /* ReverseManager.swift */ = {isa = PBXFileReference; lastKnownFileType = sourcecode.swift; path = ReverseManager.swift; sourceTree = "<group>"; };
/* End PBXFileReference section */

/* Begin PBXFrameworksBuildPhase section */
		740E55F52976A259003F1CED /* Frameworks */ = {
			isa = PBXFrameworksBuildPhase;
			buildActionMask = 2147483647;
			files = (
			);
			runOnlyForDeploymentPostprocessing = 0;
		};
		740E560B2976A25A003F1CED /* Frameworks */ = {
			isa = PBXFrameworksBuildPhase;
			buildActionMask = 2147483647;
			files = (
			);
			runOnlyForDeploymentPostprocessing = 0;
		};
		740E56152976A25A003F1CED /* Frameworks */ = {
			isa = PBXFrameworksBuildPhase;
			buildActionMask = 2147483647;
			files = (
			);
			runOnlyForDeploymentPostprocessing = 0;
		};
/* End PBXFrameworksBuildPhase section */

/* Begin PBXGroup section */
		740E55EF2976A259003F1CED = {
			isa = PBXGroup;
			children = (
				740E55FA2976A259003F1CED /* ReverseWords */,
				740E56112976A25A003F1CED /* ReverseWordsTests */,
				740E561B2976A25A003F1CED /* ReverseWordsUITests */,
				740E55F92976A259003F1CED /* Products */,
			);
			sourceTree = "<group>";
		};
		740E55F92976A259003F1CED /* Products */ = {
			isa = PBXGroup;
			children = (
				740E55F82976A259003F1CED /* ReverseWords.app */,
				740E560E2976A25A003F1CED /* ReverseWordsTests.xctest */,
				740E56182976A25A003F1CED /* ReverseWordsUITests.xctest */,
			);
			name = Products;
			sourceTree = "<group>";
		};
		740E55FA2976A259003F1CED /* ReverseWords */ = {
			isa = PBXGroup;
			children = (
				740E55FB2976A259003F1CED /* AppDelegate.swift */,
				740E55FD2976A259003F1CED /* SceneDelegate.swift */,
				74FED65629792A5E001144E6 /* ReverseManager.swift */,
				740E55FF2976A259003F1CED /* ViewController.swift */,
				740E56012976A259003F1CED /* Main.storyboard */,
				740E56042976A25A003F1CED /* Assets.xcassets */,
				740E56062976A25A003F1CED /* LaunchScreen.storyboard */,
				740E56092976A25A003F1CED /* Info.plist */,
			);
			path = ReverseWords;
			sourceTree = "<group>";
		};
		740E56112976A25A003F1CED /* ReverseWordsTests */ = {
			isa = PBXGroup;
			children = (
				740E56122976A25A003F1CED /* ReverseWordsTests.swift */,
			);
			path = ReverseWordsTests;
			sourceTree = "<group>";
		};
		740E561B2976A25A003F1CED /* ReverseWordsUITests */ = {
			isa = PBXGroup;
			children = (
				740E561C2976A25A003F1CED /* ReverseWordsUITests.swift */,
			);
			path = ReverseWordsUITests;
			sourceTree = "<group>";
		};
/* End PBXGroup section */

/* Begin PBXNativeTarget section */
		740E55F72976A259003F1CED /* ReverseWords */ = {
			isa = PBXNativeTarget;
			buildConfigurationList = 740E56222976A25A003F1CED /* Build configuration list for PBXNativeTarget "ReverseWords" */;
			buildPhases = (
				740E55F42976A259003F1CED /* Sources */,
				740E55F52976A259003F1CED /* Frameworks */,
				740E55F62976A259003F1CED /* Resources */,
			);
			buildRules = (
			);
			dependencies = (
			);
			name = ReverseWords;
			productName = ReverseWords;
			productReference = 740E55F82976A259003F1CED /* ReverseWords.app */;
			productType = "com.apple.product-type.application";
		};
		740E560D2976A25A003F1CED /* ReverseWordsTests */ = {
			isa = PBXNativeTarget;
			buildConfigurationList = 740E56252976A25A003F1CED /* Build configuration list for PBXNativeTarget "ReverseWordsTests" */;
			buildPhases = (
				740E560A2976A25A003F1CED /* Sources */,
				740E560B2976A25A003F1CED /* Frameworks */,
				740E560C2976A25A003F1CED /* Resources */,
			);
			buildRules = (
			);
			dependencies = (
				740E56102976A25A003F1CED /* PBXTargetDependency */,
			);
			name = ReverseWordsTests;
			productName = ReverseWordsTests;
			productReference = 740E560E2976A25A003F1CED /* ReverseWordsTests.xctest */;
			productType = "com.apple.product-type.bundle.unit-test";
		};
		740E56172976A25A003F1CED /* ReverseWordsUITests */ = {
			isa = PBXNativeTarget;
			buildConfigurationList = 740E56282976A25A003F1CED /* Build configuration list for PBXNativeTarget "ReverseWordsUITests" */;
			buildPhases = (
				740E56142976A25A003F1CED /* Sources */,
				740E56152976A25A003F1CED /* Frameworks */,
				740E56162976A25A003F1CED /* Resources */,
			);
			buildRules = (
			);
			dependencies = (
				740E561A2976A25A003F1CED /* PBXTargetDependency */,
			);
			name = ReverseWordsUITests;
			productName = ReverseWordsUITests;
			productReference = 740E56182976A25A003F1CED /* ReverseWordsUITests.xctest */;
			productType = "com.apple.product-type.bundle.ui-testing";
		};
/* End PBXNativeTarget section */

/* Begin PBXProject section */
		740E55F02976A259003F1CED /* Project object */ = {
			isa = PBXProject;
			attributes = {
				BuildIndependentTargetsInParallel = 1;
				LastSwiftUpdateCheck = 1420;
				LastUpgradeCheck = 1420;
				TargetAttributes = {
					740E55F72976A259003F1CED = {
						CreatedOnToolsVersion = 14.2;
					};
					740E560D2976A25A003F1CED = {
						CreatedOnToolsVersion = 14.2;
						TestTargetID = 740E55F72976A259003F1CED;
					};
					740E56172976A25A003F1CED = {
						CreatedOnToolsVersion = 14.2;
						TestTargetID = 740E55F72976A259003F1CED;
					};
				};
			};
			buildConfigurationList = 740E55F32976A259003F1CED /* Build configuration list for PBXProject "ReverseWords" */;
			compatibilityVersion = "Xcode 14.0";
			developmentRegion = en;
			hasScannedForEncodings = 0;
			knownRegions = (
				en,
				Base,
			);
			mainGroup = 740E55EF2976A259003F1CED;
			productRefGroup = 740E55F92976A259003F1CED /* Products */;
			projectDirPath = "";
			projectRoot = "";
			targets = (
				740E55F72976A259003F1CED /* ReverseWords */,
				740E560D2976A25A003F1CED /* ReverseWordsTests */,
				740E56172976A25A003F1CED /* ReverseWordsUITests */,
			);
		};
/* End PBXProject section */

/* Begin PBXResourcesBuildPhase section */
		740E55F62976A259003F1CED /* Resources */ = {
			isa = PBXResourcesBuildPhase;
			buildActionMask = 2147483647;
			files = (
				740E56082976A25A003F1CED /* LaunchScreen.storyboard in Resources */,
				740E56052976A25A003F1CED /* Assets.xcassets in Resources */,
				740E56032976A259003F1CED /* Main.storyboard in Resources */,
			);
			runOnlyForDeploymentPostprocessing = 0;
		};
		740E560C2976A25A003F1CED /* Resources */ = {
			isa = PBXResourcesBuildPhase;
			buildActionMask = 2147483647;
			files = (
			);
			runOnlyForDeploymentPostprocessing = 0;
		};
		740E56162976A25A003F1CED /* Resources */ = {
			isa = PBXResourcesBuildPhase;
			buildActionMask = 2147483647;
			files = (
			);
			runOnlyForDeploymentPostprocessing = 0;
		};
/* End PBXResourcesBuildPhase section */

/* Begin PBXSourcesBuildPhase section */
		740E55F42976A259003F1CED /* Sources */ = {
			isa = PBXSourcesBuildPhase;
			buildActionMask = 2147483647;
			files = (
				740E56002976A259003F1CED /* ViewController.swift in Sources */,
				74FED65729792A5E001144E6 /* ReverseManager.swift in Sources */,
				740E55FC2976A259003F1CED /* AppDelegate.swift in Sources */,
				740E55FE2976A259003F1CED /* SceneDelegate.swift in Sources */,
			);
			runOnlyForDeploymentPostprocessing = 0;
		};
		740E560A2976A25A003F1CED /* Sources */ = {
			isa = PBXSourcesBuildPhase;
			buildActionMask = 2147483647;
			files = (
				740E56132976A25A003F1CED /* ReverseWordsTests.swift in Sources */,
			);
			runOnlyForDeploymentPostprocessing = 0;
		};
		740E56142976A25A003F1CED /* Sources */ = {
			isa = PBXSourcesBuildPhase;
			buildActionMask = 2147483647;
			files = (
				740E561D2976A25A003F1CED /* ReverseWordsUITests.swift in Sources */,
			);
			runOnlyForDeploymentPostprocessing = 0;
		};
/* End PBXSourcesBuildPhase section */

/* Begin PBXTargetDependency section */
		740E56102976A25A003F1CED /* PBXTargetDependency */ = {
			isa = PBXTargetDependency;
			target = 740E55F72976A259003F1CED /* ReverseWords */;
			targetProxy = 740E560F2976A25A003F1CED /* PBXContainerItemProxy */;
		};
		740E561A2976A25A003F1CED /* PBXTargetDependency */ = {
			isa = PBXTargetDependency;
			target = 740E55F72976A259003F1CED /* ReverseWords */;
			targetProxy = 740E56192976A25A003F1CED /* PBXContainerItemProxy */;
		};
/* End PBXTargetDependency section */

/* Begin PBXVariantGroup section */
		740E56012976A259003F1CED /* Main.storyboard */ = {
			isa = PBXVariantGroup;
			children = (
				740E56022976A259003F1CED /* Base */,
			);
			name = Main.storyboard;
			sourceTree = "<group>";
		};
		740E56062976A25A003F1CED /* LaunchScreen.storyboard */ = {
			isa = PBXVariantGroup;
			children = (
				740E56072976A25A003F1CED /* Base */,
			);
			name = LaunchScreen.storyboard;
			sourceTree = "<group>";
		};
/* End PBXVariantGroup section */

/* Begin XCBuildConfiguration section */
		740E56202976A25A003F1CED /* Debug */ = {
			isa = XCBuildConfiguration;
			buildSettings = {
				ALWAYS_SEARCH_USER_PATHS = NO;
				CLANG_ANALYZER_NONNULL = YES;
				CLANG_ANALYZER_NUMBER_OBJECT_CONVERSION = YES_AGGRESSIVE;
				CLANG_CXX_LANGUAGE_STANDARD = "gnu++20";
				CLANG_ENABLE_MODULES = YES;
				CLANG_ENABLE_OBJC_ARC = YES;
				CLANG_ENABLE_OBJC_WEAK = YES;
				CLANG_WARN_BLOCK_CAPTURE_AUTORELEASING = YES;
				CLANG_WARN_BOOL_CONVERSION = YES;
				CLANG_WARN_COMMA = YES;
				CLANG_WARN_CONSTANT_CONVERSION = YES;
				CLANG_WARN_DEPRECATED_OBJC_IMPLEMENTATIONS = YES;
				CLANG_WARN_DIRECT_OBJC_ISA_USAGE = YES_ERROR;
				CLANG_WARN_DOCUMENTATION_COMMENTS = YES;
				CLANG_WARN_EMPTY_BODY = YES;
				CLANG_WARN_ENUM_CONVERSION = YES;
				CLANG_WARN_INFINITE_RECURSION = YES;
				CLANG_WARN_INT_CONVERSION = YES;
				CLANG_WARN_NON_LITERAL_NULL_CONVERSION = YES;
				CLANG_WARN_OBJC_IMPLICIT_RETAIN_SELF = YES;
				CLANG_WARN_OBJC_LITERAL_CONVERSION = YES;
				CLANG_WARN_OBJC_ROOT_CLASS = YES_ERROR;
				CLANG_WARN_QUOTED_INCLUDE_IN_FRAMEWORK_HEADER = YES;
				CLANG_WARN_RANGE_LOOP_ANALYSIS = YES;
				CLANG_WARN_STRICT_PROTOTYPES = YES;
				CLANG_WARN_SUSPICIOUS_MOVE = YES;
				CLANG_WARN_UNGUARDED_AVAILABILITY = YES_AGGRESSIVE;
				CLANG_WARN_UNREACHABLE_CODE = YES;
				CLANG_WARN__DUPLICATE_METHOD_MATCH = YES;
				COPY_PHASE_STRIP = NO;
				DEBUG_INFORMATION_FORMAT = dwarf;
				ENABLE_STRICT_OBJC_MSGSEND = YES;
				ENABLE_TESTABILITY = YES;
				GCC_C_LANGUAGE_STANDARD = gnu11;
				GCC_DYNAMIC_NO_PIC = NO;
				GCC_NO_COMMON_BLOCKS = YES;
				GCC_OPTIMIZATION_LEVEL = 0;
				GCC_PREPROCESSOR_DEFINITIONS = (
					"DEBUG=1",
					"$(inherited)",
				);
				GCC_WARN_64_TO_32_BIT_CONVERSION = YES;
				GCC_WARN_ABOUT_RETURN_TYPE = YES_ERROR;
				GCC_WARN_UNDECLARED_SELECTOR = YES;
				GCC_WARN_UNINITIALIZED_AUTOS = YES_AGGRESSIVE;
				GCC_WARN_UNUSED_FUNCTION = YES;
				GCC_WARN_UNUSED_VARIABLE = YES;
				IPHONEOS_DEPLOYMENT_TARGET = 16.2;
				MTL_ENABLE_DEBUG_INFO = INCLUDE_SOURCE;
				MTL_FAST_MATH = YES;
				ONLY_ACTIVE_ARCH = YES;
				SDKROOT = iphoneos;
				SWIFT_ACTIVE_COMPILATION_CONDITIONS = DEBUG;
				SWIFT_OPTIMIZATION_LEVEL = "-Onone";
			};
			name = Debug;
		};
		740E56212976A25A003F1CED /* Release */ = {
			isa = XCBuildConfiguration;
			buildSettings = {
				ALWAYS_SEARCH_USER_PATHS = NO;
				CLANG_ANALYZER_NONNULL = YES;
				CLANG_ANALYZER_NUMBER_OBJECT_CONVERSION = YES_AGGRESSIVE;
				CLANG_CXX_LANGUAGE_STANDARD = "gnu++20";
				CLANG_ENABLE_MODULES = YES;
				CLANG_ENABLE_OBJC_ARC = YES;
				CLANG_ENABLE_OBJC_WEAK = YES;
				CLANG_WARN_BLOCK_CAPTURE_AUTORELEASING = YES;
				CLANG_WARN_BOOL_CONVERSION = YES;
				CLANG_WARN_COMMA = YES;
				CLANG_WARN_CONSTANT_CONVERSION = YES;
				CLANG_WARN_DEPRECATED_OBJC_IMPLEMENTATIONS = YES;
				CLANG_WARN_DIRECT_OBJC_ISA_USAGE = YES_ERROR;
				CLANG_WARN_DOCUMENTATION_COMMENTS = YES;
				CLANG_WARN_EMPTY_BODY = YES;
				CLANG_WARN_ENUM_CONVERSION = YES;
				CLANG_WARN_INFINITE_RECURSION = YES;
				CLANG_WARN_INT_CONVERSION = YES;
				CLANG_WARN_NON_LITERAL_NULL_CONVERSION = YES;
				CLANG_WARN_OBJC_IMPLICIT_RETAIN_SELF = YES;
				CLANG_WARN_OBJC_LITERAL_CONVERSION = YES;
				CLANG_WARN_OBJC_ROOT_CLASS = YES_ERROR;
				CLANG_WARN_QUOTED_INCLUDE_IN_FRAMEWORK_HEADER = YES;
				CLANG_WARN_RANGE_LOOP_ANALYSIS = YES;
				CLANG_WARN_STRICT_PROTOTYPES = YES;
				CLANG_WARN_SUSPICIOUS_MOVE = YES;
				CLANG_WARN_UNGUARDED_AVAILABILITY = YES_AGGRESSIVE;
				CLANG_WARN_UNREACHABLE_CODE = YES;
				CLANG_WARN__DUPLICATE_METHOD_MATCH = YES;
				COPY_PHASE_STRIP = NO;
				DEBUG_INFORMATION_FORMAT = "dwarf-with-dsym";
				ENABLE_NS_ASSERTIONS = NO;
				ENABLE_STRICT_OBJC_MSGSEND = YES;
				GCC_C_LANGUAGE_STANDARD = gnu11;
				GCC_NO_COMMON_BLOCKS = YES;
				GCC_WARN_64_TO_32_BIT_CONVERSION = YES;
				GCC_WARN_ABOUT_RETURN_TYPE = YES_ERROR;
				GCC_WARN_UNDECLARED_SELECTOR = YES;
				GCC_WARN_UNINITIALIZED_AUTOS = YES_AGGRESSIVE;
				GCC_WARN_UNUSED_FUNCTION = YES;
				GCC_WARN_UNUSED_VARIABLE = YES;
				IPHONEOS_DEPLOYMENT_TARGET = 16.2;
				MTL_ENABLE_DEBUG_INFO = NO;
				MTL_FAST_MATH = YES;
				SDKROOT = iphoneos;
				SWIFT_COMPILATION_MODE = wholemodule;
				SWIFT_OPTIMIZATION_LEVEL = "-O";
				VALIDATE_PRODUCT = YES;
			};
			name = Release;
		};
		740E56232976A25A003F1CED /* Debug */ = {
			isa = XCBuildConfiguration;
			buildSettings = {
				ASSETCATALOG_COMPILER_APPICON_NAME = AppIcon;
				ASSETCATALOG_COMPILER_GLOBAL_ACCENT_COLOR_NAME = AccentColor;
				CODE_SIGN_STYLE = Automatic;
				CURRENT_PROJECT_VERSION = 1;
				DEVELOPMENT_TEAM = HPU59MA6X6;
				GENERATE_INFOPLIST_FILE = YES;
				INFOPLIST_FILE = ReverseWords/Info.plist;
				INFOPLIST_KEY_UIApplicationSupportsIndirectInputEvents = YES;
				INFOPLIST_KEY_UILaunchStoryboardName = LaunchScreen;
				INFOPLIST_KEY_UIMainStoryboardFile = Main;
				INFOPLIST_KEY_UISupportedInterfaceOrientations_iPad = "UIInterfaceOrientationPortrait UIInterfaceOrientationPortraitUpsideDown UIInterfaceOrientationLandscapeLeft UIInterfaceOrientationLandscapeRight";
				INFOPLIST_KEY_UISupportedInterfaceOrientations_iPhone = "UIInterfaceOrientationPortrait UIInterfaceOrientationLandscapeLeft UIInterfaceOrientationLandscapeRight";
				LD_RUNPATH_SEARCH_PATHS = (
					"$(inherited)",
					"@executable_path/Frameworks",
				);
				MARKETING_VERSION = 1.0;
				PRODUCT_BUNDLE_IDENTIFIER = "Dmytro-Horodyskyi.ReverseWords";
				PRODUCT_NAME = "$(TARGET_NAME)";
				SWIFT_EMIT_LOC_STRINGS = YES;
				SWIFT_VERSION = 5.0;
				TARGETED_DEVICE_FAMILY = "1,2";
			};
			name = Debug;
		};
		740E56242976A25A003F1CED /* Release */ = {
			isa = XCBuildConfiguration;
			buildSettings = {
				ASSETCATALOG_COMPILER_APPICON_NAME = AppIcon;
				ASSETCATALOG_COMPILER_GLOBAL_ACCENT_COLOR_NAME = AccentColor;
				CODE_SIGN_STYLE = Automatic;
				CURRENT_PROJECT_VERSION = 1;
				DEVELOPMENT_TEAM = HPU59MA6X6;
				GENERATE_INFOPLIST_FILE = YES;
				INFOPLIST_FILE = ReverseWords/Info.plist;
				INFOPLIST_KEY_UIApplicationSupportsIndirectInputEvents = YES;
				INFOPLIST_KEY_UILaunchStoryboardName = LaunchScreen;
				INFOPLIST_KEY_UIMainStoryboardFile = Main;
				INFOPLIST_KEY_UISupportedInterfaceOrientations_iPad = "UIInterfaceOrientationPortrait UIInterfaceOrientationPortraitUpsideDown UIInterfaceOrientationLandscapeLeft UIInterfaceOrientationLandscapeRight";
				INFOPLIST_KEY_UISupportedInterfaceOrientations_iPhone = "UIInterfaceOrientationPortrait UIInterfaceOrientationLandscapeLeft UIInterfaceOrientationLandscapeRight";
				LD_RUNPATH_SEARCH_PATHS = (
					"$(inherited)",
					"@executable_path/Frameworks",
				);
				MARKETING_VERSION = 1.0;
				PRODUCT_BUNDLE_IDENTIFIER = "Dmytro-Horodyskyi.ReverseWords";
				PRODUCT_NAME = "$(TARGET_NAME)";
				SWIFT_EMIT_LOC_STRINGS = YES;
				SWIFT_VERSION = 5.0;
				TARGETED_DEVICE_FAMILY = "1,2";
			};
			name = Release;
		};
		740E56262976A25A003F1CED /* Debug */ = {
			isa = XCBuildConfiguration;
			buildSettings = {
				ALWAYS_EMBED_SWIFT_STANDARD_LIBRARIES = YES;
				BUNDLE_LOADER = "$(TEST_HOST)";
				CODE_SIGN_STYLE = Automatic;
				CURRENT_PROJECT_VERSION = 1;
				DEVELOPMENT_TEAM = HPU59MA6X6;
				GENERATE_INFOPLIST_FILE = YES;
				IPHONEOS_DEPLOYMENT_TARGET = 16.2;
				MARKETING_VERSION = 1.0;
				PRODUCT_BUNDLE_IDENTIFIER = "Dmytro-Horodyskyi.ReverseWordsTests";
				PRODUCT_NAME = "$(TARGET_NAME)";
				SWIFT_EMIT_LOC_STRINGS = NO;
				SWIFT_VERSION = 5.0;
				TARGETED_DEVICE_FAMILY = "1,2";
				TEST_HOST = "$(BUILT_PRODUCTS_DIR)/ReverseWords.app/$(BUNDLE_EXECUTABLE_FOLDER_PATH)/ReverseWords";
			};
			name = Debug;
		};
		740E56272976A25A003F1CED /* Release */ = {
			isa = XCBuildConfiguration;
			buildSettings = {
				ALWAYS_EMBED_SWIFT_STANDARD_LIBRARIES = YES;
				BUNDLE_LOADER = "$(TEST_HOST)";
				CODE_SIGN_STYLE = Automatic;
				CURRENT_PROJECT_VERSION = 1;
				DEVELOPMENT_TEAM = HPU59MA6X6;
				GENERATE_INFOPLIST_FILE = YES;
				IPHONEOS_DEPLOYMENT_TARGET = 16.2;
				MARKETING_VERSION = 1.0;
				PRODUCT_BUNDLE_IDENTIFIER = "Dmytro-Horodyskyi.ReverseWordsTests";
				PRODUCT_NAME = "$(TARGET_NAME)";
				SWIFT_EMIT_LOC_STRINGS = NO;
				SWIFT_VERSION = 5.0;
				TARGETED_DEVICE_FAMILY = "1,2";
				TEST_HOST = "$(BUILT_PRODUCTS_DIR)/ReverseWords.app/$(BUNDLE_EXECUTABLE_FOLDER_PATH)/ReverseWords";
			};
			name = Release;
		};
		740E56292976A25A003F1CED /* Debug */ = {
			isa = XCBuildConfiguration;
			buildSettings = {
				ALWAYS_EMBED_SWIFT_STANDARD_LIBRARIES = YES;
				CODE_SIGN_STYLE = Automatic;
				CURRENT_PROJECT_VERSION = 1;
				DEVELOPMENT_TEAM = HPU59MA6X6;
				GENERATE_INFOPLIST_FILE = YES;
				MARKETING_VERSION = 1.0;
				PRODUCT_BUNDLE_IDENTIFIER = "Dmytro-Horodyskyi.ReverseWordsUITests";
				PRODUCT_NAME = "$(TARGET_NAME)";
				SWIFT_EMIT_LOC_STRINGS = NO;
				SWIFT_VERSION = 5.0;
				TARGETED_DEVICE_FAMILY = "1,2";
				TEST_TARGET_NAME = ReverseWords;
			};
			name = Debug;
		};
		740E562A2976A25A003F1CED /* Release */ = {
			isa = XCBuildConfiguration;
			buildSettings = {
				ALWAYS_EMBED_SWIFT_STANDARD_LIBRARIES = YES;
				CODE_SIGN_STYLE = Automatic;
				CURRENT_PROJECT_VERSION = 1;
				DEVELOPMENT_TEAM = HPU59MA6X6;
				GENERATE_INFOPLIST_FILE = YES;
				MARKETING_VERSION = 1.0;
				PRODUCT_BUNDLE_IDENTIFIER = "Dmytro-Horodyskyi.ReverseWordsUITests";
				PRODUCT_NAME = "$(TARGET_NAME)";
				SWIFT_EMIT_LOC_STRINGS = NO;
				SWIFT_VERSION = 5.0;
				TARGETED_DEVICE_FAMILY = "1,2";
				TEST_TARGET_NAME = ReverseWords;
			};
			name = Release;
		};
/* End XCBuildConfiguration section */

/* Begin XCConfigurationList section */
		740E55F32976A259003F1CED /* Build configuration list for PBXProject "ReverseWords" */ = {
			isa = XCConfigurationList;
			buildConfigurations = (
				740E56202976A25A003F1CED /* Debug */,
				740E56212976A25A003F1CED /* Release */,
			);
			defaultConfigurationIsVisible = 0;
			defaultConfigurationName = Release;
		};
		740E56222976A25A003F1CED /* Build configuration list for PBXNativeTarget "ReverseWords" */ = {
			isa = XCConfigurationList;
			buildConfigurations = (
				740E56232976A25A003F1CED /* Debug */,
				740E56242976A25A003F1CED /* Release */,
			);
			defaultConfigurationIsVisible = 0;
			defaultConfigurationName = Release;
		};
		740E56252976A25A003F1CED /* Build configuration list for PBXNativeTarget "ReverseWordsTests" */ = {
			isa = XCConfigurationList;
			buildConfigurations = (
				740E56262976A25A003F1CED /* Debug */,
				740E56272976A25A003F1CED /* Release */,
			);
			defaultConfigurationIsVisible = 0;
			defaultConfigurationName = Release;
		};
		740E56282976A25A003F1CED /* Build configuration list for PBXNativeTarget "ReverseWordsUITests" */ = {
			isa = XCConfigurationList;
			buildConfigurations = (
				740E56292976A25A003F1CED /* Debug */,
				740E562A2976A25A003F1CED /* Release */,
			);
			defaultConfigurationIsVisible = 0;
			defaultConfigurationName = Release;
		};
/* End XCConfigurationList section */
	};
	rootObject = 740E55F02976A259003F1CED /* Project object */;
}
